
Microsoft Visual Studio Solution File, Format Version 12.00
# Visual Studio 15
VisualStudioVersion = 15.0.27703.2047
MinimumVisualStudioVersion = 10.0.40219.1
Project("{FAE04EC0-301F-11D3-BF4B-00C04F79EFBC}") = "SpaceGame", "SpaceGame\SpaceGame.csproj", "{6C7AE389-0AEC-4F40-B001-17E80821D833}"
EndProject
Global
	GlobalSection(SolutionConfigurationPlatforms) = preSolution
		Debug|Any CPU = Debug|Any CPU
		Release|Any CPU = Release|Any CPU
	EndGlobalSection
	GlobalSection(ProjectConfigurationPlatforms) = postSolution
		{6C7AE389-0AEC-4F40-B001-17E80821D833}.Debug|Any CPU.ActiveCfg = Debug|Any CPU
		{6C7AE389-0AEC-4F40-B001-17E80821D833}.Debug|Any CPU.Build.0 = Debug|Any CPU
		{6C7AE389-0AEC-4F40-B001-17E80821D833}.Release|Any CPU.ActiveCfg = Release|Any CPU
		{6C7AE389-0AEC-4F40-B001-17E80821D833}.Release|Any CPU.Build.0 = Release|Any CPU
	EndGlobalSection
	GlobalSection(SolutionProperties) = preSolution
		HideSolutionNode = FALSE
	EndGlobalSection
	GlobalSection(ExtensibilityGlobals) = postSolution
		SolutionGuid = {C8E1A429-E3B3-4CF5-BEBD-4E05A7708A73}
	EndGlobalSection
EndGlobal
